
Microsoft Visual Studio Solution File, Format Version 12.00
# Visual Studio Version 17
VisualStudioVersion = 17.10.35013.160
MinimumVisualStudioVersion = 10.0.40219.1
Project("{FAE04EC0-301F-11D3-BF4B-00C04F79EFBC}") = "CodeStyleTool", "CodeStyleTool\CodeStyleTool.csproj", "{89C228DA-4D08-475C-A9AE-67C89B50527E}"
EndProject
Global
	GlobalSection(SolutionConfigurationPlatforms) = preSolution
		Debug|Any CPU = Debug|Any CPU
		Release|Any CPU = Release|Any CPU
	EndGlobalSection
	GlobalSection(ProjectConfigurationPlatforms) = postSolution
		{89C228DA-4D08-475C-A9AE-67C89B50527E}.Debug|Any CPU.ActiveCfg = Debug|Any CPU
		{89C228DA-4D08-475C-A9AE-67C89B50527E}.Debug|Any CPU.Build.0 = Debug|Any CPU
		{89C228DA-4D08-475C-A9AE-67C89B50527E}.Release|Any CPU.ActiveCfg = Release|Any CPU
		{89C228DA-4D08-475C-A9AE-67C89B50527E}.Release|Any CPU.Build.0 = Release|Any CPU
	EndGlobalSection
	GlobalSection(SolutionProperties) = preSolution
		HideSolutionNode = FALSE
	EndGlobalSection
	GlobalSection(ExtensibilityGlobals) = postSolution
		SolutionGuid = {44310D34-1741-48F7-B92C-A2FCB99B8951}
	EndGlobalSection
EndGlobal
